
Microsoft Visual Studio Solution File, Format Version 12.00
# Visual Studio Version 17
VisualStudioVersion = 17.7.34024.191
MinimumVisualStudioVersion = 10.0.40219.1
Project("{8BC9CEB8-8B4A-11D0-8D11-00A0C91BC942}") = "Заняття 4. №1", "Заняття 4. №1.vcxproj", "{298C60E8-35BB-4142-8B66-77C0A2D59BBB}"
EndProject
Global
	GlobalSection(SolutionConfigurationPlatforms) = preSolution
		Debug|x64 = Debug|x64
		Debug|x86 = Debug|x86
		Release|x64 = Release|x64
		Release|x86 = Release|x86
	EndGlobalSection
	GlobalSection(ProjectConfigurationPlatforms) = postSolution
		{298C60E8-35BB-4142-8B66-77C0A2D59BBB}.Debug|x64.ActiveCfg = Debug|x64
		{298C60E8-35BB-4142-8B66-77C0A2D59BBB}.Debug|x64.Build.0 = Debug|x64
		{298C60E8-35BB-4142-8B66-77C0A2D59BBB}.Debug|x86.ActiveCfg = Debug|Win32
		{298C60E8-35BB-4142-8B66-77C0A2D59BBB}.Debug|x86.Build.0 = Debug|Win32
		{298C60E8-35BB-4142-8B66-77C0A2D59BBB}.Release|x64.ActiveCfg = Release|x64
		{298C60E8-35BB-4142-8B66-77C0A2D59BBB}.Release|x64.Build.0 = Release|x64
		{298C60E8-35BB-4142-8B66-77C0A2D59BBB}.Release|x86.ActiveCfg = Release|Win32
		{298C60E8-35BB-4142-8B66-77C0A2D59BBB}.Release|x86.Build.0 = Release|Win32
	EndGlobalSection
	GlobalSection(SolutionProperties) = preSolution
		HideSolutionNode = FALSE
	EndGlobalSection
	GlobalSection(ExtensibilityGlobals) = postSolution
		SolutionGuid = {526B5628-5104-44F9-9708-582E8A7A6D7E}
	EndGlobalSection
EndGlobal
